// !$*UTF8*$!
{
	archiveVersion = 1;
	classes = {
	};
	objectVersion = 55;
	objects = {

/* Begin PBXBuildFile section */
		003D35EE29503FAC0029878F /* AppDelegate.swift in Sources */ = {isa = PBXBuildFile; fileRef = 003D35ED29503FAC0029878F /* AppDelegate.swift */; };
		003D35F029503FAC0029878F /* SceneDelegate.swift in Sources */ = {isa = PBXBuildFile; fileRef = 003D35EF29503FAC0029878F /* SceneDelegate.swift */; };
		003D35F529503FAD0029878F /* Main.storyboard in Resources */ = {isa = PBXBuildFile; fileRef = 003D35F329503FAD0029878F /* Main.storyboard */; };
		003D35F729503FAD0029878F /* Assets.xcassets in Resources */ = {isa = PBXBuildFile; fileRef = 003D35F629503FAD0029878F /* Assets.xcassets */; };
		003D35FA29503FAD0029878F /* LaunchScreen.storyboard in Resources */ = {isa = PBXBuildFile; fileRef = 003D35F829503FAD0029878F /* LaunchScreen.storyboard */; };
		003D360329503FF00029878F /* TaskListViewController.swift in Sources */ = {isa = PBXBuildFile; fileRef = 003D360229503FF00029878F /* TaskListViewController.swift */; };
		003D360529504FE70029878F /* AddTaskViewController.swift in Sources */ = {isa = PBXBuildFile; fileRef = 003D360429504FE70029878F /* AddTaskViewController.swift */; };
		003D3608295057EC0029878F /* Task.swift in Sources */ = {isa = PBXBuildFile; fileRef = 003D3607295057EC0029878F /* Task.swift */; };
		A90050761C3A9B92D2CE9197 /* Pods_GoodList.framework in Frameworks */ = {isa = PBXBuildFile; fileRef = E587A613231833C47A41CE8E /* Pods_GoodList.framework */; };
/* End PBXBuildFile section */

/* Begin PBXFileReference section */
		003D35EA29503FAC0029878F /* GoodList.app */ = {isa = PBXFileReference; explicitFileType = wrapper.application; includeInIndex = 0; path = GoodList.app; sourceTree = BUILT_PRODUCTS_DIR; };
		003D35ED29503FAC0029878F /* AppDelegate.swift */ = {isa = PBXFileReference; lastKnownFileType = sourcecode.swift; path = AppDelegate.swift; sourceTree = "<group>"; };
		003D35EF29503FAC0029878F /* SceneDelegate.swift */ = {isa = PBXFileReference; lastKnownFileType = sourcecode.swift; path = SceneDelegate.swift; sourceTree = "<group>"; };
		003D35F429503FAD0029878F /* Base */ = {isa = PBXFileReference; lastKnownFileType = file.storyboard; name = Base; path = Base.lproj/Main.storyboard; sourceTree = "<group>"; };
		003D35F629503FAD0029878F /* Assets.xcassets */ = {isa = PBXFileReference; lastKnownFileType = folder.assetcatalog; path = Assets.xcassets; sourceTree = "<group>"; };
		003D35F929503FAD0029878F /* Base */ = {isa = PBXFileReference; lastKnownFileType = file.storyboard; name = Base; path = Base.lproj/LaunchScreen.storyboard; sourceTree = "<group>"; };
		003D35FB29503FAD0029878F /* Info.plist */ = {isa = PBXFileReference; lastKnownFileType = text.plist.xml; path = Info.plist; sourceTree = "<group>"; };
		003D360229503FF00029878F /* TaskListViewController.swift */ = {isa = PBXFileReference; lastKnownFileType = sourcecode.swift; path = TaskListViewController.swift; sourceTree = "<group>"; };
		003D360429504FE70029878F /* AddTaskViewController.swift */ = {isa = PBXFileReference; lastKnownFileType = sourcecode.swift; path = AddTaskViewController.swift; sourceTree = "<group>"; };
		003D3607295057EC0029878F /* Task.swift */ = {isa = PBXFileReference; lastKnownFileType = sourcecode.swift; path = Task.swift; sourceTree = "<group>"; };
		E3754AF2B5B2E5FA452166BB /* Pods-GoodList.release.xcconfig */ = {isa = PBXFileReference; includeInIndex = 1; lastKnownFileType = text.xcconfig; name = "Pods-GoodList.release.xcconfig"; path = "Target Support Files/Pods-GoodList/Pods-GoodList.release.xcconfig"; sourceTree = "<group>"; };
		E587A613231833C47A41CE8E /* Pods_GoodList.framework */ = {isa = PBXFileReference; explicitFileType = wrapper.framework; includeInIndex = 0; path = Pods_GoodList.framework; sourceTree = BUILT_PRODUCTS_DIR; };
		EC8860050191070C35708140 /* Pods-GoodList.debug.xcconfig */ = {isa = PBXFileReference; includeInIndex = 1; lastKnownFileType = text.xcconfig; name = "Pods-GoodList.debug.xcconfig"; path = "Target Support Files/Pods-GoodList/Pods-GoodList.debug.xcconfig"; sourceTree = "<group>"; };
/* End PBXFileReference section */

/* Begin PBXFrameworksBuildPhase section */
		003D35E729503FAC0029878F /* Frameworks */ = {
			isa = PBXFrameworksBuildPhase;
			buildActionMask = 2147483647;
			files = (
				A90050761C3A9B92D2CE9197 /* Pods_GoodList.framework in Frameworks */,
			);
			runOnlyForDeploymentPostprocessing = 0;
		};
/* End PBXFrameworksBuildPhase section */

/* Begin PBXGroup section */
		003D35E129503FAC0029878F = {
			isa = PBXGroup;
			children = (
				003D35EC29503FAC0029878F /* GoodList */,
				003D35EB29503FAC0029878F /* Products */,
				8D069A5D0EE39B87DD66B78F /* Pods */,
				5BFAC3D8EFF256E4D55F7DE7 /* Frameworks */,
			);
			sourceTree = "<group>";
		};
		003D35EB29503FAC0029878F /* Products */ = {
			isa = PBXGroup;
			children = (
				003D35EA29503FAC0029878F /* GoodList.app */,
			);
			name = Products;
			sourceTree = "<group>";
		};
		003D35EC29503FAC0029878F /* GoodList */ = {
			isa = PBXGroup;
			children = (
				003D3606295056300029878F /* Model */,
				003D360129503FDB0029878F /* Controllers */,
				003D35ED29503FAC0029878F /* AppDelegate.swift */,
				003D35EF29503FAC0029878F /* SceneDelegate.swift */,
				003D35F329503FAD0029878F /* Main.storyboard */,
				003D35F629503FAD0029878F /* Assets.xcassets */,
				003D35F829503FAD0029878F /* LaunchScreen.storyboard */,
				003D35FB29503FAD0029878F /* Info.plist */,
			);
			path = GoodList;
			sourceTree = "<group>";
		};
		003D360129503FDB0029878F /* Controllers */ = {
			isa = PBXGroup;
			children = (
				003D360229503FF00029878F /* TaskListViewController.swift */,
				003D360429504FE70029878F /* AddTaskViewController.swift */,
			);
			path = Controllers;
			sourceTree = "<group>";
		};
		003D3606295056300029878F /* Model */ = {
			isa = PBXGroup;
			children = (
				003D3607295057EC0029878F /* Task.swift */,
			);
			path = Model;
			sourceTree = "<group>";
		};
		5BFAC3D8EFF256E4D55F7DE7 /* Frameworks */ = {
			isa = PBXGroup;
			children = (
				E587A613231833C47A41CE8E /* Pods_GoodList.framework */,
			);
			name = Frameworks;
			sourceTree = "<group>";
		};
		8D069A5D0EE39B87DD66B78F /* Pods */ = {
			isa = PBXGroup;
			children = (
				EC8860050191070C35708140 /* Pods-GoodList.debug.xcconfig */,
				E3754AF2B5B2E5FA452166BB /* Pods-GoodList.release.xcconfig */,
			);
			name = Pods;
			path = Pods;
			sourceTree = "<group>";
		};
/* End PBXGroup section */

/* Begin PBXNativeTarget section */
		003D35E929503FAC0029878F /* GoodList */ = {
			isa = PBXNativeTarget;
			buildConfigurationList = 003D35FE29503FAD0029878F /* Build configuration list for PBXNativeTarget "GoodList" */;
			buildPhases = (
				FD42DF60D4E4F3899C4524BF /* [CP] Check Pods Manifest.lock */,
				003D35E629503FAC0029878F /* Sources */,
				003D35E729503FAC0029878F /* Frameworks */,
				003D35E829503FAC0029878F /* Resources */,
				EC289B351282A51936B8D6EC /* [CP] Embed Pods Frameworks */,
			);
			buildRules = (
			);
			dependencies = (
			);
			name = GoodList;
			productName = GoodList;
			productReference = 003D35EA29503FAC0029878F /* GoodList.app */;
			productType = "com.apple.product-type.application";
		};
/* End PBXNativeTarget section */

/* Begin PBXProject section */
		003D35E229503FAC0029878F /* Project object */ = {
			isa = PBXProject;
			attributes = {
				BuildIndependentTargetsInParallel = 1;
				LastSwiftUpdateCheck = 1420;
				LastUpgradeCheck = 1420;
				TargetAttributes = {
					003D35E929503FAC0029878F = {
						CreatedOnToolsVersion = 14.2;
					};
				};
			};
			buildConfigurationList = 003D35E529503FAC0029878F /* Build configuration list for PBXProject "GoodList" */;
			compatibilityVersion = "Xcode 13.0";
			developmentRegion = en;
			hasScannedForEncodings = 0;
			knownRegions = (
				en,
				Base,
			);
			mainGroup = 003D35E129503FAC0029878F;
			productRefGroup = 003D35EB29503FAC0029878F /* Products */;
			projectDirPath = "";
			projectRoot = "";
			targets = (
				003D35E929503FAC0029878F /* GoodList */,
			);
		};
/* End PBXProject section */

/* Begin PBXResourcesBuildPhase section */
		003D35E829503FAC0029878F /* Resources */ = {
			isa = PBXResourcesBuildPhase;
			buildActionMask = 2147483647;
			files = (
				003D35FA29503FAD0029878F /* LaunchScreen.storyboard in Resources */,
				003D35F729503FAD0029878F /* Assets.xcassets in Resources */,
				003D35F529503FAD0029878F /* Main.storyboard in Resources */,
			);
			runOnlyForDeploymentPostprocessing = 0;
		};
/* End PBXResourcesBuildPhase section */

/* Begin PBXShellScriptBuildPhase section */
		EC289B351282A51936B8D6EC /* [CP] Embed Pods Frameworks */ = {
			isa = PBXShellScriptBuildPhase;
			buildActionMask = 2147483647;
			files = (
			);
			inputFileListPaths = (
				"${PODS_ROOT}/Target Support Files/Pods-GoodList/Pods-GoodList-frameworks-${CONFIGURATION}-input-files.xcfilelist",
			);
			name = "[CP] Embed Pods Frameworks";
			outputFileListPaths = (
				"${PODS_ROOT}/Target Support Files/Pods-GoodList/Pods-GoodList-frameworks-${CONFIGURATION}-output-files.xcfilelist",
			);
			runOnlyForDeploymentPostprocessing = 0;
			shellPath = /bin/sh;
			shellScript = "\"${PODS_ROOT}/Target Support Files/Pods-GoodList/Pods-GoodList-frameworks.sh\"\n";
			showEnvVarsInLog = 0;
		};
		FD42DF60D4E4F3899C4524BF /* [CP] Check Pods Manifest.lock */ = {
			isa = PBXShellScriptBuildPhase;
			buildActionMask = 2147483647;
			files = (
			);
			inputFileListPaths = (
			);
			inputPaths = (
				"${PODS_PODFILE_DIR_PATH}/Podfile.lock",
				"${PODS_ROOT}/Manifest.lock",
			);
			name = "[CP] Check Pods Manifest.lock";
			outputFileListPaths = (
			);
			outputPaths = (
				"$(DERIVED_FILE_DIR)/Pods-GoodList-checkManifestLockResult.txt",
			);
			runOnlyForDeploymentPostprocessing = 0;
			shellPath = /bin/sh;
			shellScript = "diff \"${PODS_PODFILE_DIR_PATH}/Podfile.lock\" \"${PODS_ROOT}/Manifest.lock\" > /dev/null\nif [ $? != 0 ] ; then\n    # print error to STDERR\n    echo \"error: The sandbox is not in sync with the Podfile.lock. Run 'pod install' or update your CocoaPods installation.\" >&2\n    exit 1\nfi\n# This output is used by Xcode 'outputs' to avoid re-running this script phase.\necho \"SUCCESS\" > \"${SCRIPT_OUTPUT_FILE_0}\"\n";
			showEnvVarsInLog = 0;
		};
/* End PBXShellScriptBuildPhase section */

/* Begin PBXSourcesBuildPhase section */
		003D35E629503FAC0029878F /* Sources */ = {
			isa = PBXSourcesBuildPhase;
			buildActionMask = 2147483647;
			files = (
				003D35EE29503FAC0029878F /* AppDelegate.swift in Sources */,
				003D360529504FE70029878F /* AddTaskViewController.swift in Sources */,
				003D3608295057EC0029878F /* Task.swift in Sources */,
				003D35F029503FAC0029878F /* SceneDelegate.swift in Sources */,
				003D360329503FF00029878F /* TaskListViewController.swift in Sources */,
			);
			runOnlyForDeploymentPostprocessing = 0;
		};
/* End PBXSourcesBuildPhase section */

/* Begin PBXVariantGroup section */
		003D35F329503FAD0029878F /* Main.storyboard */ = {
			isa = PBXVariantGroup;
			children = (
				003D35F429503FAD0029878F /* Base */,
			);
			name = Main.storyboard;
			sourceTree = "<group>";
		};
		003D35F829503FAD0029878F /* LaunchScreen.storyboard */ = {
			isa = PBXVariantGroup;
			children = (
				003D35F929503FAD0029878F /* Base */,
			);
			name = LaunchScreen.storyboard;
			sourceTree = "<group>";
		};
/* End PBXVariantGroup section */

/* Begin XCBuildConfiguration section */
		003D35FC29503FAD0029878F /* Debug */ = {
			isa = XCBuildConfiguration;
			buildSettings = {
				ALWAYS_SEARCH_USER_PATHS = NO;
				CLANG_ANALYZER_NONNULL = YES;
				CLANG_ANALYZER_NUMBER_OBJECT_CONVERSION = YES_AGGRESSIVE;
				CLANG_CXX_LANGUAGE_STANDARD = "gnu++20";
				CLANG_ENABLE_MODULES = YES;
				CLANG_ENABLE_OBJC_ARC = YES;
				CLANG_ENABLE_OBJC_WEAK = YES;
				CLANG_WARN_BLOCK_CAPTURE_AUTORELEASING = YES;
				CLANG_WARN_BOOL_CONVERSION = YES;
				CLANG_WARN_COMMA = YES;
				CLANG_WARN_CONSTANT_CONVERSION = YES;
				CLANG_WARN_DEPRECATED_OBJC_IMPLEMENTATIONS = YES;
				CLANG_WARN_DIRECT_OBJC_ISA_USAGE = YES_ERROR;
				CLANG_WARN_DOCUMENTATION_COMMENTS = YES;
				CLANG_WARN_EMPTY_BODY = YES;
				CLANG_WARN_ENUM_CONVERSION = YES;
				CLANG_WARN_INFINITE_RECURSION = YES;
				CLANG_WARN_INT_CONVERSION = YES;
				CLANG_WARN_NON_LITERAL_NULL_CONVERSION = YES;
				CLANG_WARN_OBJC_IMPLICIT_RETAIN_SELF = YES;
				CLANG_WARN_OBJC_LITERAL_CONVERSION = YES;
				CLANG_WARN_OBJC_ROOT_CLASS = YES_ERROR;
				CLANG_WARN_QUOTED_INCLUDE_IN_FRAMEWORK_HEADER = YES;
				CLANG_WARN_RANGE_LOOP_ANALYSIS = YES;
				CLANG_WARN_STRICT_PROTOTYPES = YES;
				CLANG_WARN_SUSPICIOUS_MOVE = YES;
				CLANG_WARN_UNGUARDED_AVAILABILITY = YES_AGGRESSIVE;
				CLANG_WARN_UNREACHABLE_CODE = YES;
				CLANG_WARN__DUPLICATE_METHOD_MATCH = YES;
				COPY_PHASE_STRIP = NO;
				DEBUG_INFORMATION_FORMAT = dwarf;
				ENABLE_STRICT_OBJC_MSGSEND = YES;
				ENABLE_TESTABILITY = YES;
				GCC_C_LANGUAGE_STANDARD = gnu11;
				GCC_DYNAMIC_NO_PIC = NO;
				GCC_NO_COMMON_BLOCKS = YES;
				GCC_OPTIMIZATION_LEVEL = 0;
				GCC_PREPROCESSOR_DEFINITIONS = (
					"DEBUG=1",
					"$(inherited)",
				);
				GCC_WARN_64_TO_32_BIT_CONVERSION = YES;
				GCC_WARN_ABOUT_RETURN_TYPE = YES_ERROR;
				GCC_WARN_UNDECLARED_SELECTOR = YES;
				GCC_WARN_UNINITIALIZED_AUTOS = YES_AGGRESSIVE;
				GCC_WARN_UNUSED_FUNCTION = YES;
				GCC_WARN_UNUSED_VARIABLE = YES;
				IPHONEOS_DEPLOYMENT_TARGET = 16.2;
				MTL_ENABLE_DEBUG_INFO = INCLUDE_SOURCE;
				MTL_FAST_MATH = YES;
				ONLY_ACTIVE_ARCH = YES;
				SDKROOT = iphoneos;
				SWIFT_ACTIVE_COMPILATION_CONDITIONS = DEBUG;
				SWIFT_OPTIMIZATION_LEVEL = "-Onone";
			};
			name = Debug;
		};
		003D35FD29503FAD0029878F /* Release */ = {
			isa = XCBuildConfiguration;
			buildSettings = {
				ALWAYS_SEARCH_USER_PATHS = NO;
				CLANG_ANALYZER_NONNULL = YES;
				CLANG_ANALYZER_NUMBER_OBJECT_CONVERSION = YES_AGGRESSIVE;
				CLANG_CXX_LANGUAGE_STANDARD = "gnu++20";
				CLANG_ENABLE_MODULES = YES;
				CLANG_ENABLE_OBJC_ARC = YES;
				CLANG_ENABLE_OBJC_WEAK = YES;
				CLANG_WARN_BLOCK_CAPTURE_AUTORELEASING = YES;
				CLANG_WARN_BOOL_CONVERSION = YES;
				CLANG_WARN_COMMA = YES;
				CLANG_WARN_CONSTANT_CONVERSION = YES;
				CLANG_WARN_DEPRECATED_OBJC_IMPLEMENTATIONS = YES;
				CLANG_WARN_DIRECT_OBJC_ISA_USAGE = YES_ERROR;
				CLANG_WARN_DOCUMENTATION_COMMENTS = YES;
				CLANG_WARN_EMPTY_BODY = YES;
				CLANG_WARN_ENUM_CONVERSION = YES;
				CLANG_WARN_INFINITE_RECURSION = YES;
				CLANG_WARN_INT_CONVERSION = YES;
				CLANG_WARN_NON_LITERAL_NULL_CONVERSION = YES;
				CLANG_WARN_OBJC_IMPLICIT_RETAIN_SELF = YES;
				CLANG_WARN_OBJC_LITERAL_CONVERSION = YES;
				CLANG_WARN_OBJC_ROOT_CLASS = YES_ERROR;
				CLANG_WARN_QUOTED_INCLUDE_IN_FRAMEWORK_HEADER = YES;
				CLANG_WARN_RANGE_LOOP_ANALYSIS = YES;
				CLANG_WARN_STRICT_PROTOTYPES = YES;
				CLANG_WARN_SUSPICIOUS_MOVE = YES;
				CLANG_WARN_UNGUARDED_AVAILABILITY = YES_AGGRESSIVE;
				CLANG_WARN_UNREACHABLE_CODE = YES;
				CLANG_WARN__DUPLICATE_METHOD_MATCH = YES;
				COPY_PHASE_STRIP = NO;
				DEBUG_INFORMATION_FORMAT = "dwarf-with-dsym";
				ENABLE_NS_ASSERTIONS = NO;
				ENABLE_STRICT_OBJC_MSGSEND = YES;
				GCC_C_LANGUAGE_STANDARD = gnu11;
				GCC_NO_COMMON_BLOCKS = YES;
				GCC_WARN_64_TO_32_BIT_CONVERSION = YES;
				GCC_WARN_ABOUT_RETURN_TYPE = YES_ERROR;
				GCC_WARN_UNDECLARED_SELECTOR = YES;
				GCC_WARN_UNINITIALIZED_AUTOS = YES_AGGRESSIVE;
				GCC_WARN_UNUSED_FUNCTION = YES;
				GCC_WARN_UNUSED_VARIABLE = YES;
				IPHONEOS_DEPLOYMENT_TARGET = 16.2;
				MTL_ENABLE_DEBUG_INFO = NO;
				MTL_FAST_MATH = YES;
				SDKROOT = iphoneos;
				SWIFT_COMPILATION_MODE = wholemodule;
				SWIFT_OPTIMIZATION_LEVEL = "-O";
				VALIDATE_PRODUCT = YES;
			};
			name = Release;
		};
		003D35FF29503FAD0029878F /* Debug */ = {
			isa = XCBuildConfiguration;
			baseConfigurationReference = EC8860050191070C35708140 /* Pods-GoodList.debug.xcconfig */;
			buildSettings = {
				ASSETCATALOG_COMPILER_APPICON_NAME = AppIcon;
				ASSETCATALOG_COMPILER_GLOBAL_ACCENT_COLOR_NAME = AccentColor;
				CODE_SIGN_STYLE = Automatic;
				CURRENT_PROJECT_VERSION = 1;
				DEVELOPMENT_TEAM = CR9UV6Z45P;
				GENERATE_INFOPLIST_FILE = YES;
				INFOPLIST_FILE = GoodList/Info.plist;
				INFOPLIST_KEY_UIApplicationSupportsIndirectInputEvents = YES;
				INFOPLIST_KEY_UILaunchStoryboardName = LaunchScreen;
				INFOPLIST_KEY_UIMainStoryboardFile = Main;
				INFOPLIST_KEY_UISupportedInterfaceOrientations_iPad = "UIInterfaceOrientationPortrait UIInterfaceOrientationPortraitUpsideDown UIInterfaceOrientationLandscapeLeft UIInterfaceOrientationLandscapeRight";
				INFOPLIST_KEY_UISupportedInterfaceOrientations_iPhone = "UIInterfaceOrientationPortrait UIInterfaceOrientationLandscapeLeft UIInterfaceOrientationLandscapeRight";
				LD_RUNPATH_SEARCH_PATHS = (
					"$(inherited)",
					"@executable_path/Frameworks",
				);
				MARKETING_VERSION = 1.0;
				PRODUCT_BUNDLE_IDENTIFIER = com.GoodList;
				PRODUCT_NAME = "$(TARGET_NAME)";
				SWIFT_EMIT_LOC_STRINGS = YES;
				SWIFT_VERSION = 5.0;
				TARGETED_DEVICE_FAMILY = "1,2";
			};
			name = Debug;
		};
		003D360029503FAD0029878F /* Release */ = {
			isa = XCBuildConfiguration;
			baseConfigurationReference = E3754AF2B5B2E5FA452166BB /* Pods-GoodList.release.xcconfig */;
			buildSettings = {
				ASSETCATALOG_COMPILER_APPICON_NAME = AppIcon;
				ASSETCATALOG_COMPILER_GLOBAL_ACCENT_COLOR_NAME = AccentColor;
				CODE_SIGN_STYLE = Automatic;
				CURRENT_PROJECT_VERSION = 1;
				DEVELOPMENT_TEAM = CR9UV6Z45P;
				GENERATE_INFOPLIST_FILE = YES;
				INFOPLIST_FILE = GoodList/Info.plist;
				INFOPLIST_KEY_UIApplicationSupportsIndirectInputEvents = YES;
				INFOPLIST_KEY_UILaunchStoryboardName = LaunchScreen;
				INFOPLIST_KEY_UIMainStoryboardFile = Main;
				INFOPLIST_KEY_UISupportedInterfaceOrientations_iPad = "UIInterfaceOrientationPortrait UIInterfaceOrientationPortraitUpsideDown UIInterfaceOrientationLandscapeLeft UIInterfaceOrientationLandscapeRight";
				INFOPLIST_KEY_UISupportedInterfaceOrientations_iPhone = "UIInterfaceOrientationPortrait UIInterfaceOrientationLandscapeLeft UIInterfaceOrientationLandscapeRight";
				LD_RUNPATH_SEARCH_PATHS = (
					"$(inherited)",
					"@executable_path/Frameworks",
				);
				MARKETING_VERSION = 1.0;
				PRODUCT_BUNDLE_IDENTIFIER = com.GoodList;
				PRODUCT_NAME = "$(TARGET_NAME)";
				SWIFT_EMIT_LOC_STRINGS = YES;
				SWIFT_VERSION = 5.0;
				TARGETED_DEVICE_FAMILY = "1,2";
			};
			name = Release;
		};
/* End XCBuildConfiguration section */

/* Begin XCConfigurationList section */
		003D35E529503FAC0029878F /* Build configuration list for PBXProject "GoodList" */ = {
			isa = XCConfigurationList;
			buildConfigurations = (
				003D35FC29503FAD0029878F /* Debug */,
				003D35FD29503FAD0029878F /* Release */,
			);
			defaultConfigurationIsVisible = 0;
			defaultConfigurationName = Release;
		};
		003D35FE29503FAD0029878F /* Build configuration list for PBXNativeTarget "GoodList" */ = {
			isa = XCConfigurationList;
			buildConfigurations = (
				003D35FF29503FAD0029878F /* Debug */,
				003D360029503FAD0029878F /* Release */,
			);
			defaultConfigurationIsVisible = 0;
			defaultConfigurationName = Release;
		};
/* End XCConfigurationList section */
	};
	rootObject = 003D35E229503FAC0029878F /* Project object */;
}
